
Microsoft Visual Studio Solution File, Format Version 12.00
# Visual Studio Version 16
VisualStudioVersion = 16.0.31424.327
MinimumVisualStudioVersion = 10.0.40219.1
Project("{9A19103F-16F7-4668-BE54-9A1E7A4F7556}") = "SilentMike.XsltPoC.WebApi", "SilentMike.XsltPoC.WebApi\SilentMike.XsltPoC.WebApi.csproj", "{335F7DE8-FBC4-4B73-BDD3-794748AAB980}"
EndProject
Project("{9A19103F-16F7-4668-BE54-9A1E7A4F7556}") = "SilentMike.XsltPoC.Cient", "SilentMike.XsltPoC.Cient\SilentMike.XsltPoC.Cient.csproj", "{917BFD7E-09D2-494B-BF27-590A7489DFBA}"
EndProject
Project("{9A19103F-16F7-4668-BE54-9A1E7A4F7556}") = "SilentMike.XsltPoC.Shared", "SilentMike.XsltPoC.Shared\SilentMike.XsltPoC.Shared.csproj", "{1372300C-65B9-4673-8F36-454879099952}"
EndProject
Project("{FAE04EC0-301F-11D3-BF4B-00C04F79EFBC}") = "BytesPack.Sterling.Shared", "BytesPack.Sterling.Shared\BytesPack.Sterling.Shared.csproj", "{F417898F-9D46-495C-978A-4A0AD848E6F1}"
EndProject
Global
	GlobalSection(SolutionConfigurationPlatforms) = preSolution
		Debug|Any CPU = Debug|Any CPU
		Release|Any CPU = Release|Any CPU
	EndGlobalSection
	GlobalSection(ProjectConfigurationPlatforms) = postSolution
		{335F7DE8-FBC4-4B73-BDD3-794748AAB980}.Debug|Any CPU.ActiveCfg = Debug|Any CPU
		{335F7DE8-FBC4-4B73-BDD3-794748AAB980}.Debug|Any CPU.Build.0 = Debug|Any CPU
		{335F7DE8-FBC4-4B73-BDD3-794748AAB980}.Release|Any CPU.ActiveCfg = Release|Any CPU
		{335F7DE8-FBC4-4B73-BDD3-794748AAB980}.Release|Any CPU.Build.0 = Release|Any CPU
		{917BFD7E-09D2-494B-BF27-590A7489DFBA}.Debug|Any CPU.ActiveCfg = Debug|Any CPU
		{917BFD7E-09D2-494B-BF27-590A7489DFBA}.Debug|Any CPU.Build.0 = Debug|Any CPU
		{917BFD7E-09D2-494B-BF27-590A7489DFBA}.Release|Any CPU.ActiveCfg = Release|Any CPU
		{917BFD7E-09D2-494B-BF27-590A7489DFBA}.Release|Any CPU.Build.0 = Release|Any CPU
		{1372300C-65B9-4673-8F36-454879099952}.Debug|Any CPU.ActiveCfg = Debug|Any CPU
		{1372300C-65B9-4673-8F36-454879099952}.Debug|Any CPU.Build.0 = Debug|Any CPU
		{1372300C-65B9-4673-8F36-454879099952}.Release|Any CPU.ActiveCfg = Release|Any CPU
		{1372300C-65B9-4673-8F36-454879099952}.Release|Any CPU.Build.0 = Release|Any CPU
		{F417898F-9D46-495C-978A-4A0AD848E6F1}.Debug|Any CPU.ActiveCfg = Debug|Any CPU
		{F417898F-9D46-495C-978A-4A0AD848E6F1}.Debug|Any CPU.Build.0 = Debug|Any CPU
		{F417898F-9D46-495C-978A-4A0AD848E6F1}.Release|Any CPU.ActiveCfg = Release|Any CPU
		{F417898F-9D46-495C-978A-4A0AD848E6F1}.Release|Any CPU.Build.0 = Release|Any CPU
	EndGlobalSection
	GlobalSection(SolutionProperties) = preSolution
		HideSolutionNode = FALSE
	EndGlobalSection
	GlobalSection(ExtensibilityGlobals) = postSolution
		SolutionGuid = {AD8F8B66-2E59-47F4-811C-B080052CC332}
	EndGlobalSection
EndGlobal
